
Microsoft Visual Studio Solution File, Format Version 12.00
# Visual Studio Version 16
VisualStudioVersion = 16.0.32602.291
MinimumVisualStudioVersion = 10.0.40219.1
Project("{8BC9CEB8-8B4A-11D0-8D11-00A0C91BC942}") = "CSE221_HW1", "CSE221_HW1\CSE221_HW1.vcxproj", "{4B0FA122-FC6D-44D7-BB80-F97518D3E962}"
EndProject
Global
	GlobalSection(SolutionConfigurationPlatforms) = preSolution
		Debug|x64 = Debug|x64
		Debug|x86 = Debug|x86
		Release|x64 = Release|x64
		Release|x86 = Release|x86
	EndGlobalSection
	GlobalSection(ProjectConfigurationPlatforms) = postSolution
		{4B0FA122-FC6D-44D7-BB80-F97518D3E962}.Debug|x64.ActiveCfg = Debug|x64
		{4B0FA122-FC6D-44D7-BB80-F97518D3E962}.Debug|x64.Build.0 = Debug|x64
		{4B0FA122-FC6D-44D7-BB80-F97518D3E962}.Debug|x86.ActiveCfg = Debug|Win32
		{4B0FA122-FC6D-44D7-BB80-F97518D3E962}.Debug|x86.Build.0 = Debug|Win32
		{4B0FA122-FC6D-44D7-BB80-F97518D3E962}.Release|x64.ActiveCfg = Release|x64
		{4B0FA122-FC6D-44D7-BB80-F97518D3E962}.Release|x64.Build.0 = Release|x64
		{4B0FA122-FC6D-44D7-BB80-F97518D3E962}.Release|x86.ActiveCfg = Release|Win32
		{4B0FA122-FC6D-44D7-BB80-F97518D3E962}.Release|x86.Build.0 = Release|Win32
	EndGlobalSection
	GlobalSection(SolutionProperties) = preSolution
		HideSolutionNode = FALSE
	EndGlobalSection
	GlobalSection(ExtensibilityGlobals) = postSolution
		SolutionGuid = {4F25F35B-427C-410A-A2F3-702B1AE13ABC}
	EndGlobalSection
EndGlobal
